
Microsoft Visual Studio Solution File, Format Version 12.00
# Visual Studio Version 16
VisualStudioVersion = 16.0.29006.145
MinimumVisualStudioVersion = 15.0.26124.0
Project("{2150E333-8FDC-42A3-9474-1A3956D46DE8}") = "src", "src", "{8FFDF555-DB50-45F9-9A2D-6410F39151C3}"
	ProjectSection(SolutionItems) = preProject
		src\Directory.Build.props = src\Directory.Build.props
		src\Directory.Build.targets = src\Directory.Build.targets
	EndProjectSection
EndProject
Project("{2150E333-8FDC-42A3-9474-1A3956D46DE8}") = "test", "test", "{DF33E0FB-9790-4654-B60F-8AB22E0CC3D1}"
	ProjectSection(SolutionItems) = preProject
		test\Directory.Build.props = test\Directory.Build.props
		test\Directory.Build.targets = test\Directory.Build.targets
	EndProjectSection
EndProject
Project("{9A19103F-16F7-4668-BE54-9A1E7A4F7556}") = ".build", ".build\.build.csproj", "{55EFAE2F-A7CA-4917-A381-4A6EF5E79610}"
EndProject
Project("{2150E333-8FDC-42A3-9474-1A3956D46DE8}") = ".build", ".build", "{E3DCB78E-EE06-4EA3-88AC-762D8910387C}"
EndProject
Project("{9A19103F-16F7-4668-BE54-9A1E7A4F7556}") = "Rocket.Surgery.Nuke", "src\Nuke\Rocket.Surgery.Nuke.csproj", "{C33C63CF-8760-4305-B9AC-14456930C867}"
EndProject
Project("{9A19103F-16F7-4668-BE54-9A1E7A4F7556}") = "Rocket.Surgery.Nuke.Tests", "test\Nuke.Tests\Rocket.Surgery.Nuke.Tests.csproj", "{29950FB4-8A41-4C83-9FE0-FEA9C8D0BF67}"
EndProject
Project("{9A19103F-16F7-4668-BE54-9A1E7A4F7556}") = "Rocket.Surgery.Nuke.DotNetCore", "src\Nuke.DotNetCore\Rocket.Surgery.Nuke.DotNetCore.csproj", "{2D88A441-0EF9-40EF-8A1A-CE5E12F62660}"
EndProject
Project("{9A19103F-16F7-4668-BE54-9A1E7A4F7556}") = "Rocket.Surgery.Nuke.MsBuild", "src\Nuke.MsBuild\Rocket.Surgery.Nuke.MsBuild.csproj", "{99357C68-3D56-4707-A489-8D223E643FB7}"
EndProject
Project("{FAE04EC0-301F-11D3-BF4B-00C04F79EFBC}") = "Rocket.Surgery.Nuke.AzureDevOps", "src\Rocket.Surgery.Nuke.AzureDevOps\Rocket.Surgery.Nuke.AzureDevOps.csproj", "{9311CC13-B7F8-4210-9F2E-86B4C278F90E}"
EndProject
Project("{9A19103F-16F7-4668-BE54-9A1E7A4F7556}") = "Rocket.Surgery.Nuke.Xamarin", "src\Nuke.Xamarin\Rocket.Surgery.Nuke.Xamarin.csproj", "{4EF107CD-1AAA-4C78-8201-5CCD1426449A}"
EndProject
Project("{2150E333-8FDC-42A3-9474-1A3956D46DE8}") = ".solution", ".solution", "{096E2487-547C-4DCF-977A-DA9E1C75B6BC}"
ProjectSection(SolutionItems) = preProject
	azure-pipelines.yml = azure-pipelines.yml
	build.ps1 = build.ps1
	build.sh = build.sh
	Directory.Build.props = Directory.Build.props
	Directory.Build.targets = Directory.Build.targets
	GitReleaseManager.yaml = GitReleaseManager.yaml
	GitVersion.yml = GitVersion.yml
	LICENSE = LICENSE
	NuGet.config = NuGet.config
	omnisharp.json = omnisharp.json
	Packages.props = Packages.props
	Readme.md = Readme.md
EndProjectSection
EndProject
Global
	GlobalSection(SolutionConfigurationPlatforms) = preSolution
		Debug|Any CPU = Debug|Any CPU
		Debug|x64 = Debug|x64
		Debug|x86 = Debug|x86
		Release|Any CPU = Release|Any CPU
		Release|x64 = Release|x64
		Release|x86 = Release|x86
	EndGlobalSection
	GlobalSection(ProjectConfigurationPlatforms) = postSolution
		{55EFAE2F-A7CA-4917-A381-4A6EF5E79610}.Debug|Any CPU.ActiveCfg = Debug|Any CPU
		{55EFAE2F-A7CA-4917-A381-4A6EF5E79610}.Debug|x64.ActiveCfg = Debug|Any CPU
		{55EFAE2F-A7CA-4917-A381-4A6EF5E79610}.Debug|x64.Build.0 = Debug|Any CPU
		{55EFAE2F-A7CA-4917-A381-4A6EF5E79610}.Debug|x86.ActiveCfg = Debug|Any CPU
		{55EFAE2F-A7CA-4917-A381-4A6EF5E79610}.Debug|x86.Build.0 = Debug|Any CPU
		{55EFAE2F-A7CA-4917-A381-4A6EF5E79610}.Release|Any CPU.ActiveCfg = Release|Any CPU
		{55EFAE2F-A7CA-4917-A381-4A6EF5E79610}.Release|x64.ActiveCfg = Release|Any CPU
		{55EFAE2F-A7CA-4917-A381-4A6EF5E79610}.Release|x64.Build.0 = Release|Any CPU
		{55EFAE2F-A7CA-4917-A381-4A6EF5E79610}.Release|x86.ActiveCfg = Release|Any CPU
		{55EFAE2F-A7CA-4917-A381-4A6EF5E79610}.Release|x86.Build.0 = Release|Any CPU
		{C33C63CF-8760-4305-B9AC-14456930C867}.Debug|Any CPU.ActiveCfg = Debug|Any CPU
		{C33C63CF-8760-4305-B9AC-14456930C867}.Debug|Any CPU.Build.0 = Debug|Any CPU
		{C33C63CF-8760-4305-B9AC-14456930C867}.Debug|x64.ActiveCfg = Debug|Any CPU
		{C33C63CF-8760-4305-B9AC-14456930C867}.Debug|x64.Build.0 = Debug|Any CPU
		{C33C63CF-8760-4305-B9AC-14456930C867}.Debug|x86.ActiveCfg = Debug|Any CPU
		{C33C63CF-8760-4305-B9AC-14456930C867}.Debug|x86.Build.0 = Debug|Any CPU
		{C33C63CF-8760-4305-B9AC-14456930C867}.Release|Any CPU.ActiveCfg = Release|Any CPU
		{C33C63CF-8760-4305-B9AC-14456930C867}.Release|Any CPU.Build.0 = Release|Any CPU
		{C33C63CF-8760-4305-B9AC-14456930C867}.Release|x64.ActiveCfg = Release|Any CPU
		{C33C63CF-8760-4305-B9AC-14456930C867}.Release|x64.Build.0 = Release|Any CPU
		{C33C63CF-8760-4305-B9AC-14456930C867}.Release|x86.ActiveCfg = Release|Any CPU
		{C33C63CF-8760-4305-B9AC-14456930C867}.Release|x86.Build.0 = Release|Any CPU
		{29950FB4-8A41-4C83-9FE0-FEA9C8D0BF67}.Debug|Any CPU.ActiveCfg = Debug|Any CPU
		{29950FB4-8A41-4C83-9FE0-FEA9C8D0BF67}.Debug|Any CPU.Build.0 = Debug|Any CPU
		{29950FB4-8A41-4C83-9FE0-FEA9C8D0BF67}.Debug|x64.ActiveCfg = Debug|Any CPU
		{29950FB4-8A41-4C83-9FE0-FEA9C8D0BF67}.Debug|x64.Build.0 = Debug|Any CPU
		{29950FB4-8A41-4C83-9FE0-FEA9C8D0BF67}.Debug|x86.ActiveCfg = Debug|Any CPU
		{29950FB4-8A41-4C83-9FE0-FEA9C8D0BF67}.Debug|x86.Build.0 = Debug|Any CPU
		{29950FB4-8A41-4C83-9FE0-FEA9C8D0BF67}.Release|Any CPU.ActiveCfg = Release|Any CPU
		{29950FB4-8A41-4C83-9FE0-FEA9C8D0BF67}.Release|Any CPU.Build.0 = Release|Any CPU
		{29950FB4-8A41-4C83-9FE0-FEA9C8D0BF67}.Release|x64.ActiveCfg = Release|Any CPU
		{29950FB4-8A41-4C83-9FE0-FEA9C8D0BF67}.Release|x64.Build.0 = Release|Any CPU
		{29950FB4-8A41-4C83-9FE0-FEA9C8D0BF67}.Release|x86.ActiveCfg = Release|Any CPU
		{29950FB4-8A41-4C83-9FE0-FEA9C8D0BF67}.Release|x86.Build.0 = Release|Any CPU
		{2D88A441-0EF9-40EF-8A1A-CE5E12F62660}.Debug|Any CPU.ActiveCfg = Debug|Any CPU
		{2D88A441-0EF9-40EF-8A1A-CE5E12F62660}.Debug|Any CPU.Build.0 = Debug|Any CPU
		{2D88A441-0EF9-40EF-8A1A-CE5E12F62660}.Debug|x64.ActiveCfg = Debug|Any CPU
		{2D88A441-0EF9-40EF-8A1A-CE5E12F62660}.Debug|x64.Build.0 = Debug|Any CPU
		{2D88A441-0EF9-40EF-8A1A-CE5E12F62660}.Debug|x86.ActiveCfg = Debug|Any CPU
		{2D88A441-0EF9-40EF-8A1A-CE5E12F62660}.Debug|x86.Build.0 = Debug|Any CPU
		{2D88A441-0EF9-40EF-8A1A-CE5E12F62660}.Release|Any CPU.ActiveCfg = Release|Any CPU
		{2D88A441-0EF9-40EF-8A1A-CE5E12F62660}.Release|Any CPU.Build.0 = Release|Any CPU
		{2D88A441-0EF9-40EF-8A1A-CE5E12F62660}.Release|x64.ActiveCfg = Release|Any CPU
		{2D88A441-0EF9-40EF-8A1A-CE5E12F62660}.Release|x64.Build.0 = Release|Any CPU
		{2D88A441-0EF9-40EF-8A1A-CE5E12F62660}.Release|x86.ActiveCfg = Release|Any CPU
		{2D88A441-0EF9-40EF-8A1A-CE5E12F62660}.Release|x86.Build.0 = Release|Any CPU
		{99357C68-3D56-4707-A489-8D223E643FB7}.Debug|Any CPU.ActiveCfg = Debug|Any CPU
		{99357C68-3D56-4707-A489-8D223E643FB7}.Debug|Any CPU.Build.0 = Debug|Any CPU
		{99357C68-3D56-4707-A489-8D223E643FB7}.Debug|x64.ActiveCfg = Debug|Any CPU
		{99357C68-3D56-4707-A489-8D223E643FB7}.Debug|x64.Build.0 = Debug|Any CPU
		{99357C68-3D56-4707-A489-8D223E643FB7}.Debug|x86.ActiveCfg = Debug|Any CPU
		{99357C68-3D56-4707-A489-8D223E643FB7}.Debug|x86.Build.0 = Debug|Any CPU
		{99357C68-3D56-4707-A489-8D223E643FB7}.Release|Any CPU.ActiveCfg = Release|Any CPU
		{99357C68-3D56-4707-A489-8D223E643FB7}.Release|Any CPU.Build.0 = Release|Any CPU
		{99357C68-3D56-4707-A489-8D223E643FB7}.Release|x64.ActiveCfg = Release|Any CPU
		{99357C68-3D56-4707-A489-8D223E643FB7}.Release|x64.Build.0 = Release|Any CPU
		{99357C68-3D56-4707-A489-8D223E643FB7}.Release|x86.ActiveCfg = Release|Any CPU
		{99357C68-3D56-4707-A489-8D223E643FB7}.Release|x86.Build.0 = Release|Any CPU
		{9311CC13-B7F8-4210-9F2E-86B4C278F90E}.Debug|Any CPU.ActiveCfg = Debug|Any CPU
		{9311CC13-B7F8-4210-9F2E-86B4C278F90E}.Debug|Any CPU.Build.0 = Debug|Any CPU
		{9311CC13-B7F8-4210-9F2E-86B4C278F90E}.Debug|x64.ActiveCfg = Debug|Any CPU
		{9311CC13-B7F8-4210-9F2E-86B4C278F90E}.Debug|x64.Build.0 = Debug|Any CPU
		{9311CC13-B7F8-4210-9F2E-86B4C278F90E}.Debug|x86.ActiveCfg = Debug|Any CPU
		{9311CC13-B7F8-4210-9F2E-86B4C278F90E}.Debug|x86.Build.0 = Debug|Any CPU
		{9311CC13-B7F8-4210-9F2E-86B4C278F90E}.Release|Any CPU.ActiveCfg = Release|Any CPU
		{9311CC13-B7F8-4210-9F2E-86B4C278F90E}.Release|Any CPU.Build.0 = Release|Any CPU
		{9311CC13-B7F8-4210-9F2E-86B4C278F90E}.Release|x64.ActiveCfg = Release|Any CPU
		{9311CC13-B7F8-4210-9F2E-86B4C278F90E}.Release|x64.Build.0 = Release|Any CPU
		{9311CC13-B7F8-4210-9F2E-86B4C278F90E}.Release|x86.ActiveCfg = Release|Any CPU
		{9311CC13-B7F8-4210-9F2E-86B4C278F90E}.Release|x86.Build.0 = Release|Any CPU
		{4EF107CD-1AAA-4C78-8201-5CCD1426449A}.Debug|Any CPU.ActiveCfg = Debug|Any CPU
		{4EF107CD-1AAA-4C78-8201-5CCD1426449A}.Debug|Any CPU.Build.0 = Debug|Any CPU
		{4EF107CD-1AAA-4C78-8201-5CCD1426449A}.Debug|x64.ActiveCfg = Debug|Any CPU
		{4EF107CD-1AAA-4C78-8201-5CCD1426449A}.Debug|x64.Build.0 = Debug|Any CPU
		{4EF107CD-1AAA-4C78-8201-5CCD1426449A}.Debug|x86.ActiveCfg = Debug|Any CPU
		{4EF107CD-1AAA-4C78-8201-5CCD1426449A}.Debug|x86.Build.0 = Debug|Any CPU
		{4EF107CD-1AAA-4C78-8201-5CCD1426449A}.Release|Any CPU.ActiveCfg = Release|Any CPU
		{4EF107CD-1AAA-4C78-8201-5CCD1426449A}.Release|Any CPU.Build.0 = Release|Any CPU
		{4EF107CD-1AAA-4C78-8201-5CCD1426449A}.Release|x64.ActiveCfg = Release|Any CPU
		{4EF107CD-1AAA-4C78-8201-5CCD1426449A}.Release|x64.Build.0 = Release|Any CPU
		{4EF107CD-1AAA-4C78-8201-5CCD1426449A}.Release|x86.ActiveCfg = Release|Any CPU
		{4EF107CD-1AAA-4C78-8201-5CCD1426449A}.Release|x86.Build.0 = Release|Any CPU
	EndGlobalSection
	GlobalSection(SolutionProperties) = preSolution
		HideSolutionNode = FALSE
	EndGlobalSection
	GlobalSection(NestedProjects) = preSolution
		{55EFAE2F-A7CA-4917-A381-4A6EF5E79610} = {E3DCB78E-EE06-4EA3-88AC-762D8910387C}
		{C33C63CF-8760-4305-B9AC-14456930C867} = {8FFDF555-DB50-45F9-9A2D-6410F39151C3}
		{29950FB4-8A41-4C83-9FE0-FEA9C8D0BF67} = {DF33E0FB-9790-4654-B60F-8AB22E0CC3D1}
		{2D88A441-0EF9-40EF-8A1A-CE5E12F62660} = {8FFDF555-DB50-45F9-9A2D-6410F39151C3}
		{99357C68-3D56-4707-A489-8D223E643FB7} = {8FFDF555-DB50-45F9-9A2D-6410F39151C3}
		{9311CC13-B7F8-4210-9F2E-86B4C278F90E} = {8FFDF555-DB50-45F9-9A2D-6410F39151C3}
		{4EF107CD-1AAA-4C78-8201-5CCD1426449A} = {8FFDF555-DB50-45F9-9A2D-6410F39151C3}
	EndGlobalSection
	GlobalSection(ExtensibilityGlobals) = postSolution
		SolutionGuid = {439897C2-CCBD-44FE-B2DC-A3E4670ADA59}
	EndGlobalSection
EndGlobal
