Microsoft Visual Studio Solution File, Format Version 12.00
# Visual Studio Version 16
VisualStudioVersion = 16.0.29006.145
MinimumVisualStudioVersion = 15.0.26124.0
Project("{2150E333-8FDC-42A3-9474-1A3956D46DE8}") = "src", "src", "{8FFDF555-DB50-45F9-9A2D-6410F39151C3}"
	ProjectSection(SolutionItems) = preProject
		src/Directory.Build.props = src/Directory.Build.props
		src/Directory.Build.targets = src/Directory.Build.targets
		src/.editorconfig = src/.editorconfig
	EndProjectSection
EndProject
Project("{2150E333-8FDC-42A3-9474-1A3956D46DE8}") = "test", "test", "{DF33E0FB-9790-4654-B60F-8AB22E0CC3D1}"
	ProjectSection(SolutionItems) = preProject
		test/Directory.Build.props = test/Directory.Build.props
		test/Directory.Build.targets = test/Directory.Build.targets
		test/.editorconfig = test/.editorconfig
	EndProjectSection
EndProject
Project("{9A19103F-16F7-4668-BE54-9A1E7A4F7556}") = ".build", ".build\.build.csproj", "{55EFAE2F-A7CA-4917-A381-4A6EF5E79610}"
EndProject
Project("{9A19103F-16F7-4668-BE54-9A1E7A4F7556}") = "Rocket.Surgery.Nuke", "src\Nuke\Rocket.Surgery.Nuke.csproj", "{C33C63CF-8760-4305-B9AC-14456930C867}"
EndProject
Project("{9A19103F-16F7-4668-BE54-9A1E7A4F7556}") = "Rocket.Surgery.Nuke.Tests", "test\Nuke.Tests\Rocket.Surgery.Nuke.Tests.csproj", "{29950FB4-8A41-4C83-9FE0-FEA9C8D0BF67}"
EndProject
Project("{2150E333-8FDC-42A3-9474-1A3956D46DE8}") = "config", "config", "{AE7B2AE7-C209-4B7F-B1B8-AF150FA27A8F}"
	ProjectSection(SolutionItems) = preProject
		.config/dotnet-tools.json = .config/dotnet-tools.json
		Directory.Build.props = Directory.Build.props
		Directory.Packages.props = Directory.Packages.props
		Directory.Packages.support.props = Directory.Packages.support.props
		Directory.Build.targets = Directory.Build.targets
		.editorconfig = .editorconfig
		build.cmd = build.cmd
		build.ps1 = build.ps1
		build.sh = build.sh
		GitReleaseManager.yaml = GitReleaseManager.yaml
		.appveyor.yml = .appveyor.yml
		.codecov.yml = .codecov.yml
		GitVersion.yml = GitVersion.yml
		LICENSE = LICENSE
		Readme.md = Readme.md
		.gitattributes = .gitattributes
		.gitignore = .gitignore
		.gitmodules = .gitmodules
		.prettierignore = .prettierignore
		.prettierrc = .prettierrc
		.lintstagedrc.js = .lintstagedrc.js
		NuGet.config = NuGet.config
		package.json = package.json
	EndProjectSection
EndProject
Project("{2150E333-8FDC-42A3-9474-1A3956D46DE8}") = ".github", ".github", "{C9A77903-FD53-44D1-AADB-E46BD36188C3}"
	ProjectSection(SolutionItems) = preProject
		.github/labels.yml = .github/labels.yml
		.github/release.yml = .github/release.yml
		.github/renovate.json = .github/renovate.json
	EndProjectSection
EndProject
Project("{2150E333-8FDC-42A3-9474-1A3956D46DE8}") = "workflows", "workflows", "{D92D8A6D-4ED9-4F7B-B43D-26BEE3F110C2}"
	ProjectSection(SolutionItems) = preProject
		.github/workflows/auto-label.yml = .github/workflows/auto-label.yml
		.github/workflows/ci-ignore.yml = .github/workflows/ci-ignore.yml
		.github/workflows/ci.yml = .github/workflows/ci.yml
		.github/workflows/close-milestone.yml = .github/workflows/close-milestone.yml
		.github/workflows/dependabot-merge.yml = .github/workflows/dependabot-merge.yml
		.github/workflows/draft-release.yml = .github/workflows/draft-release.yml
		.github/workflows/sync-labels.yml = .github/workflows/sync-labels.yml
		.github/workflows/update-milestone.yml = .github/workflows/update-milestone.yml
		.github/workflows/inputs.yml = .github/workflows/inputs.yml
		.github/workflows/lint.yml = .github/workflows/lint.yml
	EndProjectSection
EndProject
Project("{2150E333-8FDC-42A3-9474-1A3956D46DE8}") = ".husky", ".husky", "{39F6D15D-2627-4749-9B1D-EB7C9C656465}"
	ProjectSection(SolutionItems) = preProject
		.husky/pre-commit = .husky/pre-commit
	EndProjectSection
EndProject
Project("{2150E333-8FDC-42A3-9474-1A3956D46DE8}") = ".vscode", ".vscode", "{B3A06ADD-1DA1-4B79-98C6-2527B8842984}"
	ProjectSection(SolutionItems) = preProject
		.vscode/settings.json = .vscode/settings.json
	EndProjectSection
EndProject
Project("{2150E333-8FDC-42A3-9474-1A3956D46DE8}") = "node_modules", "node_modules", "{CA1E2735-79F3-4824-A1E5-ED26591DFFA2}"
	ProjectSection(SolutionItems) = preProject
	EndProjectSection
EndProject
Project("{2150E333-8FDC-42A3-9474-1A3956D46DE8}") = "define-properties", "define-properties", "{C810602D-E932-40D7-8109-3205DA8E44DE}"
	ProjectSection(SolutionItems) = preProject
		node_modules/define-properties/.editorconfig = node_modules/define-properties/.editorconfig
	EndProjectSection
EndProject
Project("{2150E333-8FDC-42A3-9474-1A3956D46DE8}") = "es-abstract", "es-abstract", "{B9A10660-999D-4449-9DF5-6F6AE61B4DD6}"
	ProjectSection(SolutionItems) = preProject
		node_modules/es-abstract/.editorconfig = node_modules/es-abstract/.editorconfig
	EndProjectSection
EndProject
Project("{2150E333-8FDC-42A3-9474-1A3956D46DE8}") = "for-each", "for-each", "{F97BF990-97A7-4637-99D9-AC70F4B20E05}"
	ProjectSection(SolutionItems) = preProject
		node_modules/for-each/.editorconfig = node_modules/for-each/.editorconfig
	EndProjectSection
EndProject
Project("{2150E333-8FDC-42A3-9474-1A3956D46DE8}") = "function-bind", "function-bind", "{5167B0F3-107D-4270-AC5D-A43F9A09698E}"
	ProjectSection(SolutionItems) = preProject
		node_modules/function-bind/.editorconfig = node_modules/function-bind/.editorconfig
	EndProjectSection
EndProject
Project("{2150E333-8FDC-42A3-9474-1A3956D46DE8}") = "function.prototype.name", "function.prototype.name", "{F215BD0A-CF1C-465D-8F7B-D8B2FCDF81F3}"
	ProjectSection(SolutionItems) = preProject
		node_modules/function.prototype.name/.editorconfig = node_modules/function.prototype.name/.editorconfig
	EndProjectSection
EndProject
Project("{2150E333-8FDC-42A3-9474-1A3956D46DE8}") = "functions-have-names", "functions-have-names", "{4F3E8AFF-E018-4E28-9EA5-B768FDFE78E2}"
	ProjectSection(SolutionItems) = preProject
		node_modules/functions-have-names/.editorconfig = node_modules/functions-have-names/.editorconfig
	EndProjectSection
EndProject
Project("{2150E333-8FDC-42A3-9474-1A3956D46DE8}") = "internal-slot", "internal-slot", "{E7DCFB20-4DB4-464B-827D-704A08E1C04D}"
	ProjectSection(SolutionItems) = preProject
		node_modules/internal-slot/.editorconfig = node_modules/internal-slot/.editorconfig
	EndProjectSection
EndProject
Project("{2150E333-8FDC-42A3-9474-1A3956D46DE8}") = "is-boolean-object", "is-boolean-object", "{B4C4F857-7182-4CD0-A2C2-24F69AB3C068}"
	ProjectSection(SolutionItems) = preProject
		node_modules/is-boolean-object/.editorconfig = node_modules/is-boolean-object/.editorconfig
	EndProjectSection
EndProject
Project("{2150E333-8FDC-42A3-9474-1A3956D46DE8}") = "is-callable", "is-callable", "{27F304EC-7CB5-42C6-9177-7F6DE2E3CE07}"
	ProjectSection(SolutionItems) = preProject
		node_modules/is-callable/.editorconfig = node_modules/is-callable/.editorconfig
	EndProjectSection
EndProject
Project("{2150E333-8FDC-42A3-9474-1A3956D46DE8}") = "is-date-object", "is-date-object", "{91D02175-3A1C-46DF-9D58-EB7711E74416}"
	ProjectSection(SolutionItems) = preProject
		node_modules/is-date-object/.editorconfig = node_modules/is-date-object/.editorconfig
	EndProjectSection
EndProject
Project("{2150E333-8FDC-42A3-9474-1A3956D46DE8}") = "is-negative-zero", "is-negative-zero", "{6CA19B25-7810-48FF-B70B-5C9B26AE32FF}"
	ProjectSection(SolutionItems) = preProject
		node_modules/is-negative-zero/.editorconfig = node_modules/is-negative-zero/.editorconfig
	EndProjectSection
EndProject
Project("{2150E333-8FDC-42A3-9474-1A3956D46DE8}") = "is-number-object", "is-number-object", "{2F296B33-ADBA-4C74-9670-BAB8ACC4C711}"
	ProjectSection(SolutionItems) = preProject
		node_modules/is-number-object/.editorconfig = node_modules/is-number-object/.editorconfig
	EndProjectSection
EndProject
Project("{2150E333-8FDC-42A3-9474-1A3956D46DE8}") = "is-regex", "is-regex", "{32CF1691-A8CC-43F8-AFAB-1915D1D1AA76}"
	ProjectSection(SolutionItems) = preProject
		node_modules/is-regex/.editorconfig = node_modules/is-regex/.editorconfig
	EndProjectSection
EndProject
Project("{2150E333-8FDC-42A3-9474-1A3956D46DE8}") = "is-symbol", "is-symbol", "{7220CF76-1FF9-4AD6-8EBE-E15A06C2E221}"
	ProjectSection(SolutionItems) = preProject
		node_modules/is-symbol/.editorconfig = node_modules/is-symbol/.editorconfig
	EndProjectSection
EndProject
Project("{2150E333-8FDC-42A3-9474-1A3956D46DE8}") = "is-typed-array", "is-typed-array", "{D236D6E2-E8A0-497C-940B-65D39E5BE58D}"
	ProjectSection(SolutionItems) = preProject
		node_modules/is-typed-array/.editorconfig = node_modules/is-typed-array/.editorconfig
	EndProjectSection
EndProject
Project("{2150E333-8FDC-42A3-9474-1A3956D46DE8}") = "lokijs", "lokijs", "{F949B6A7-F989-4EF2-B45E-1538A8931968}"
	ProjectSection(SolutionItems) = preProject
		node_modules/lokijs/.editorconfig = node_modules/lokijs/.editorconfig
	EndProjectSection
EndProject
Project("{2150E333-8FDC-42A3-9474-1A3956D46DE8}") = "object-keys", "object-keys", "{668ACBB8-9D9E-4702-AEE0-C76F808B14D3}"
	ProjectSection(SolutionItems) = preProject
		node_modules/object-keys/.editorconfig = node_modules/object-keys/.editorconfig
	EndProjectSection
EndProject
Project("{2150E333-8FDC-42A3-9474-1A3956D46DE8}") = "object.assign", "object.assign", "{A3A29247-E58E-4C3F-ABDF-38C9414656B1}"
	ProjectSection(SolutionItems) = preProject
		node_modules/object.assign/.editorconfig = node_modules/object.assign/.editorconfig
	EndProjectSection
EndProject
Project("{2150E333-8FDC-42A3-9474-1A3956D46DE8}") = "qs", "qs", "{52163B52-C176-4186-8687-EB3C81A24D02}"
	ProjectSection(SolutionItems) = preProject
		node_modules/qs/.editorconfig = node_modules/qs/.editorconfig
	EndProjectSection
EndProject
Project("{2150E333-8FDC-42A3-9474-1A3956D46DE8}") = "regexp.prototype.flags", "regexp.prototype.flags", "{167A05BD-9A91-4D94-9567-E53F4050EFB4}"
	ProjectSection(SolutionItems) = preProject
		node_modules/regexp.prototype.flags/.editorconfig = node_modules/regexp.prototype.flags/.editorconfig
	EndProjectSection
EndProject
Project("{2150E333-8FDC-42A3-9474-1A3956D46DE8}") = "string.prototype.trimend", "string.prototype.trimend", "{713086C3-B631-419C-83CD-257193ACF0AC}"
	ProjectSection(SolutionItems) = preProject
		node_modules/string.prototype.trimend/.editorconfig = node_modules/string.prototype.trimend/.editorconfig
	EndProjectSection
EndProject
Project("{2150E333-8FDC-42A3-9474-1A3956D46DE8}") = "string.prototype.trimstart", "string.prototype.trimstart", "{34EFDB2C-60FA-4799-838D-1B5E7A22E837}"
	ProjectSection(SolutionItems) = preProject
		node_modules/string.prototype.trimstart/.editorconfig = node_modules/string.prototype.trimstart/.editorconfig
	EndProjectSection
EndProject
Project("{2150E333-8FDC-42A3-9474-1A3956D46DE8}") = "unbox-primitive", "unbox-primitive", "{3BA719F1-5AB2-4F1A-927D-F2F02C972E04}"
	ProjectSection(SolutionItems) = preProject
		node_modules/unbox-primitive/.editorconfig = node_modules/unbox-primitive/.editorconfig
	EndProjectSection
EndProject
Project("{2150E333-8FDC-42A3-9474-1A3956D46DE8}") = "which-boxed-primitive", "which-boxed-primitive", "{9612AEDD-851F-4435-B00E-652334E774DF}"
	ProjectSection(SolutionItems) = preProject
		node_modules/which-boxed-primitive/.editorconfig = node_modules/which-boxed-primitive/.editorconfig
	EndProjectSection
EndProject
Project("{2150E333-8FDC-42A3-9474-1A3956D46DE8}") = "which-typed-array", "which-typed-array", "{076E16A3-B48A-4503-9DF0-2872EA381A18}"
	ProjectSection(SolutionItems) = preProject
		node_modules/which-typed-array/.editorconfig = node_modules/which-typed-array/.editorconfig
	EndProjectSection
EndProject
Global
	GlobalSection(SolutionConfigurationPlatforms) = preSolution
		Debug|Any CPU = Debug|Any CPU
		Debug|x64 = Debug|x64
		Debug|x86 = Debug|x86
		Release|Any CPU = Release|Any CPU
		Release|x64 = Release|x64
		Release|x86 = Release|x86
	EndGlobalSection
	GlobalSection(ProjectConfigurationPlatforms) = postSolution
		{55EFAE2F-A7CA-4917-A381-4A6EF5E79610}.Debug|Any CPU.ActiveCfg = Debug|Any CPU
		{55EFAE2F-A7CA-4917-A381-4A6EF5E79610}.Debug|x64.ActiveCfg = Debug|Any CPU
		{55EFAE2F-A7CA-4917-A381-4A6EF5E79610}.Debug|x86.ActiveCfg = Debug|Any CPU
		{55EFAE2F-A7CA-4917-A381-4A6EF5E79610}.Release|Any CPU.ActiveCfg = Release|Any CPU
		{55EFAE2F-A7CA-4917-A381-4A6EF5E79610}.Release|x64.ActiveCfg = Release|Any CPU
		{55EFAE2F-A7CA-4917-A381-4A6EF5E79610}.Release|x86.ActiveCfg = Release|Any CPU
		{C33C63CF-8760-4305-B9AC-14456930C867}.Debug|Any CPU.ActiveCfg = Debug|Any CPU
		{C33C63CF-8760-4305-B9AC-14456930C867}.Debug|Any CPU.Build.0 = Debug|Any CPU
		{C33C63CF-8760-4305-B9AC-14456930C867}.Debug|x64.ActiveCfg = Debug|Any CPU
		{C33C63CF-8760-4305-B9AC-14456930C867}.Debug|x64.Build.0 = Debug|Any CPU
		{C33C63CF-8760-4305-B9AC-14456930C867}.Debug|x86.ActiveCfg = Debug|Any CPU
		{C33C63CF-8760-4305-B9AC-14456930C867}.Debug|x86.Build.0 = Debug|Any CPU
		{C33C63CF-8760-4305-B9AC-14456930C867}.Release|Any CPU.ActiveCfg = Release|Any CPU
		{C33C63CF-8760-4305-B9AC-14456930C867}.Release|Any CPU.Build.0 = Release|Any CPU
		{C33C63CF-8760-4305-B9AC-14456930C867}.Release|x64.ActiveCfg = Release|Any CPU
		{C33C63CF-8760-4305-B9AC-14456930C867}.Release|x64.Build.0 = Release|Any CPU
		{C33C63CF-8760-4305-B9AC-14456930C867}.Release|x86.ActiveCfg = Release|Any CPU
		{C33C63CF-8760-4305-B9AC-14456930C867}.Release|x86.Build.0 = Release|Any CPU
		{29950FB4-8A41-4C83-9FE0-FEA9C8D0BF67}.Debug|Any CPU.ActiveCfg = Debug|Any CPU
		{29950FB4-8A41-4C83-9FE0-FEA9C8D0BF67}.Debug|Any CPU.Build.0 = Debug|Any CPU
		{29950FB4-8A41-4C83-9FE0-FEA9C8D0BF67}.Debug|x64.ActiveCfg = Debug|Any CPU
		{29950FB4-8A41-4C83-9FE0-FEA9C8D0BF67}.Debug|x64.Build.0 = Debug|Any CPU
		{29950FB4-8A41-4C83-9FE0-FEA9C8D0BF67}.Debug|x86.ActiveCfg = Debug|Any CPU
		{29950FB4-8A41-4C83-9FE0-FEA9C8D0BF67}.Debug|x86.Build.0 = Debug|Any CPU
		{29950FB4-8A41-4C83-9FE0-FEA9C8D0BF67}.Release|Any CPU.ActiveCfg = Release|Any CPU
		{29950FB4-8A41-4C83-9FE0-FEA9C8D0BF67}.Release|Any CPU.Build.0 = Release|Any CPU
		{29950FB4-8A41-4C83-9FE0-FEA9C8D0BF67}.Release|x64.ActiveCfg = Release|Any CPU
		{29950FB4-8A41-4C83-9FE0-FEA9C8D0BF67}.Release|x64.Build.0 = Release|Any CPU
		{29950FB4-8A41-4C83-9FE0-FEA9C8D0BF67}.Release|x86.ActiveCfg = Release|Any CPU
		{29950FB4-8A41-4C83-9FE0-FEA9C8D0BF67}.Release|x86.Build.0 = Release|Any CPU
	EndGlobalSection
	GlobalSection(SolutionProperties) = preSolution
		HideSolutionNode = FALSE
	EndGlobalSection
	GlobalSection(NestedProjects) = preSolution
		{55EFAE2F-A7CA-4917-A381-4A6EF5E79610} = {AE7B2AE7-C209-4B7F-B1B8-AF150FA27A8F}
		{C33C63CF-8760-4305-B9AC-14456930C867} = {8FFDF555-DB50-45F9-9A2D-6410F39151C3}
		{29950FB4-8A41-4C83-9FE0-FEA9C8D0BF67} = {DF33E0FB-9790-4654-B60F-8AB22E0CC3D1}
		{C9A77903-FD53-44D1-AADB-E46BD36188C3} = {AE7B2AE7-C209-4B7F-B1B8-AF150FA27A8F}
		{D92D8A6D-4ED9-4F7B-B43D-26BEE3F110C2} = {C9A77903-FD53-44D1-AADB-E46BD36188C3}
		{39F6D15D-2627-4749-9B1D-EB7C9C656465} = {AE7B2AE7-C209-4B7F-B1B8-AF150FA27A8F}
		{B3A06ADD-1DA1-4B79-98C6-2527B8842984} = {AE7B2AE7-C209-4B7F-B1B8-AF150FA27A8F}
		{C810602D-E932-40D7-8109-3205DA8E44DE} = {CA1E2735-79F3-4824-A1E5-ED26591DFFA2}
		{B9A10660-999D-4449-9DF5-6F6AE61B4DD6} = {CA1E2735-79F3-4824-A1E5-ED26591DFFA2}
		{F97BF990-97A7-4637-99D9-AC70F4B20E05} = {CA1E2735-79F3-4824-A1E5-ED26591DFFA2}
		{5167B0F3-107D-4270-AC5D-A43F9A09698E} = {CA1E2735-79F3-4824-A1E5-ED26591DFFA2}
		{F215BD0A-CF1C-465D-8F7B-D8B2FCDF81F3} = {CA1E2735-79F3-4824-A1E5-ED26591DFFA2}
		{4F3E8AFF-E018-4E28-9EA5-B768FDFE78E2} = {CA1E2735-79F3-4824-A1E5-ED26591DFFA2}
		{E7DCFB20-4DB4-464B-827D-704A08E1C04D} = {CA1E2735-79F3-4824-A1E5-ED26591DFFA2}
		{B4C4F857-7182-4CD0-A2C2-24F69AB3C068} = {CA1E2735-79F3-4824-A1E5-ED26591DFFA2}
		{27F304EC-7CB5-42C6-9177-7F6DE2E3CE07} = {CA1E2735-79F3-4824-A1E5-ED26591DFFA2}
		{91D02175-3A1C-46DF-9D58-EB7711E74416} = {CA1E2735-79F3-4824-A1E5-ED26591DFFA2}
		{6CA19B25-7810-48FF-B70B-5C9B26AE32FF} = {CA1E2735-79F3-4824-A1E5-ED26591DFFA2}
		{2F296B33-ADBA-4C74-9670-BAB8ACC4C711} = {CA1E2735-79F3-4824-A1E5-ED26591DFFA2}
		{32CF1691-A8CC-43F8-AFAB-1915D1D1AA76} = {CA1E2735-79F3-4824-A1E5-ED26591DFFA2}
		{7220CF76-1FF9-4AD6-8EBE-E15A06C2E221} = {CA1E2735-79F3-4824-A1E5-ED26591DFFA2}
		{D236D6E2-E8A0-497C-940B-65D39E5BE58D} = {CA1E2735-79F3-4824-A1E5-ED26591DFFA2}
		{F949B6A7-F989-4EF2-B45E-1538A8931968} = {CA1E2735-79F3-4824-A1E5-ED26591DFFA2}
		{668ACBB8-9D9E-4702-AEE0-C76F808B14D3} = {CA1E2735-79F3-4824-A1E5-ED26591DFFA2}
		{A3A29247-E58E-4C3F-ABDF-38C9414656B1} = {CA1E2735-79F3-4824-A1E5-ED26591DFFA2}
		{52163B52-C176-4186-8687-EB3C81A24D02} = {CA1E2735-79F3-4824-A1E5-ED26591DFFA2}
		{167A05BD-9A91-4D94-9567-E53F4050EFB4} = {CA1E2735-79F3-4824-A1E5-ED26591DFFA2}
		{713086C3-B631-419C-83CD-257193ACF0AC} = {CA1E2735-79F3-4824-A1E5-ED26591DFFA2}
		{34EFDB2C-60FA-4799-838D-1B5E7A22E837} = {CA1E2735-79F3-4824-A1E5-ED26591DFFA2}
		{3BA719F1-5AB2-4F1A-927D-F2F02C972E04} = {CA1E2735-79F3-4824-A1E5-ED26591DFFA2}
		{9612AEDD-851F-4435-B00E-652334E774DF} = {CA1E2735-79F3-4824-A1E5-ED26591DFFA2}
		{076E16A3-B48A-4503-9DF0-2872EA381A18} = {CA1E2735-79F3-4824-A1E5-ED26591DFFA2}
	EndGlobalSection
	GlobalSection(ExtensibilityGlobals) = postSolution
		SolutionGuid = {439897C2-CCBD-44FE-B2DC-A3E4670ADA59}
	EndGlobalSection
EndGlobal
